// !$*UTF8*$!
{
	archiveVersion = 1;
	classes = {
	};
	objectVersion = 56;
	objects = {

/* Begin PBXBuildFile section */
		C346771B2B84F169000C6557 /* ViewControllerVista2.swift in Sources */ = {isa = PBXBuildFile; fileRef = C346771A2B84F169000C6557 /* ViewControllerVista2.swift */; };
		EA1FDF1F2B84978100A1F8FC /* AppDelegate.swift in Sources */ = {isa = PBXBuildFile; fileRef = EA1FDF1E2B84978100A1F8FC /* AppDelegate.swift */; };
		EA1FDF212B84978100A1F8FC /* SceneDelegate.swift in Sources */ = {isa = PBXBuildFile; fileRef = EA1FDF202B84978100A1F8FC /* SceneDelegate.swift */; };
		EA1FDF232B84978100A1F8FC /* ViewController.swift in Sources */ = {isa = PBXBuildFile; fileRef = EA1FDF222B84978100A1F8FC /* ViewController.swift */; };
		EA1FDF262B84978100A1F8FC /* Main.storyboard in Resources */ = {isa = PBXBuildFile; fileRef = EA1FDF242B84978100A1F8FC /* Main.storyboard */; };
		EA1FDF282B84978200A1F8FC /* Assets.xcassets in Resources */ = {isa = PBXBuildFile; fileRef = EA1FDF272B84978200A1F8FC /* Assets.xcassets */; };
		EA1FDF2B2B84978200A1F8FC /* LaunchScreen.storyboard in Resources */ = {isa = PBXBuildFile; fileRef = EA1FDF292B84978200A1F8FC /* LaunchScreen.storyboard */; };
		EA1FDF362B84978200A1F8FC /* PruebaXIBTests.swift in Sources */ = {isa = PBXBuildFile; fileRef = EA1FDF352B84978200A1F8FC /* PruebaXIBTests.swift */; };
		EA1FDF402B84978200A1F8FC /* PruebaXIBUITests.swift in Sources */ = {isa = PBXBuildFile; fileRef = EA1FDF3F2B84978200A1F8FC /* PruebaXIBUITests.swift */; };
		EA1FDF422B84978200A1F8FC /* PruebaXIBUITestsLaunchTests.swift in Sources */ = {isa = PBXBuildFile; fileRef = EA1FDF412B84978200A1F8FC /* PruebaXIBUITestsLaunchTests.swift */; };
		EA1FDF502B849E5900A1F8FC /* CustomView.swift in Sources */ = {isa = PBXBuildFile; fileRef = EA1FDF4F2B849E5900A1F8FC /* CustomView.swift */; };
		EA1FDF522B849E7600A1F8FC /* CustomView.xib in Resources */ = {isa = PBXBuildFile; fileRef = EA1FDF512B849E7600A1F8FC /* CustomView.xib */; };
/* End PBXBuildFile section */

/* Begin PBXContainerItemProxy section */
		EA1FDF322B84978200A1F8FC /* PBXContainerItemProxy */ = {
			isa = PBXContainerItemProxy;
			containerPortal = EA1FDF132B84978100A1F8FC /* Project object */;
			proxyType = 1;
			remoteGlobalIDString = EA1FDF1A2B84978100A1F8FC;
			remoteInfo = PruebaXIB;
		};
		EA1FDF3C2B84978200A1F8FC /* PBXContainerItemProxy */ = {
			isa = PBXContainerItemProxy;
			containerPortal = EA1FDF132B84978100A1F8FC /* Project object */;
			proxyType = 1;
			remoteGlobalIDString = EA1FDF1A2B84978100A1F8FC;
			remoteInfo = PruebaXIB;
		};
/* End PBXContainerItemProxy section */

/* Begin PBXFileReference section */
		C346771A2B84F169000C6557 /* ViewControllerVista2.swift */ = {isa = PBXFileReference; lastKnownFileType = sourcecode.swift; path = ViewControllerVista2.swift; sourceTree = "<group>"; };
		EA1FDF1B2B84978100A1F8FC /* PruebaXIB.app */ = {isa = PBXFileReference; explicitFileType = wrapper.application; includeInIndex = 0; path = PruebaXIB.app; sourceTree = BUILT_PRODUCTS_DIR; };
		EA1FDF1E2B84978100A1F8FC /* AppDelegate.swift */ = {isa = PBXFileReference; lastKnownFileType = sourcecode.swift; path = AppDelegate.swift; sourceTree = "<group>"; };
		EA1FDF202B84978100A1F8FC /* SceneDelegate.swift */ = {isa = PBXFileReference; lastKnownFileType = sourcecode.swift; path = SceneDelegate.swift; sourceTree = "<group>"; };
		EA1FDF222B84978100A1F8FC /* ViewController.swift */ = {isa = PBXFileReference; lastKnownFileType = sourcecode.swift; path = ViewController.swift; sourceTree = "<group>"; };
		EA1FDF252B84978100A1F8FC /* Base */ = {isa = PBXFileReference; lastKnownFileType = file.storyboard; name = Base; path = Base.lproj/Main.storyboard; sourceTree = "<group>"; };
		EA1FDF272B84978200A1F8FC /* Assets.xcassets */ = {isa = PBXFileReference; lastKnownFileType = folder.assetcatalog; path = Assets.xcassets; sourceTree = "<group>"; };
		EA1FDF2A2B84978200A1F8FC /* Base */ = {isa = PBXFileReference; lastKnownFileType = file.storyboard; name = Base; path = Base.lproj/LaunchScreen.storyboard; sourceTree = "<group>"; };
		EA1FDF2C2B84978200A1F8FC /* Info.plist */ = {isa = PBXFileReference; lastKnownFileType = text.plist.xml; path = Info.plist; sourceTree = "<group>"; };
		EA1FDF312B84978200A1F8FC /* PruebaXIBTests.xctest */ = {isa = PBXFileReference; explicitFileType = wrapper.cfbundle; includeInIndex = 0; path = PruebaXIBTests.xctest; sourceTree = BUILT_PRODUCTS_DIR; };
		EA1FDF352B84978200A1F8FC /* PruebaXIBTests.swift */ = {isa = PBXFileReference; lastKnownFileType = sourcecode.swift; path = PruebaXIBTests.swift; sourceTree = "<group>"; };
		EA1FDF3B2B84978200A1F8FC /* PruebaXIBUITests.xctest */ = {isa = PBXFileReference; explicitFileType = wrapper.cfbundle; includeInIndex = 0; path = PruebaXIBUITests.xctest; sourceTree = BUILT_PRODUCTS_DIR; };
		EA1FDF3F2B84978200A1F8FC /* PruebaXIBUITests.swift */ = {isa = PBXFileReference; lastKnownFileType = sourcecode.swift; path = PruebaXIBUITests.swift; sourceTree = "<group>"; };
		EA1FDF412B84978200A1F8FC /* PruebaXIBUITestsLaunchTests.swift */ = {isa = PBXFileReference; lastKnownFileType = sourcecode.swift; path = PruebaXIBUITestsLaunchTests.swift; sourceTree = "<group>"; };
		EA1FDF4F2B849E5900A1F8FC /* CustomView.swift */ = {isa = PBXFileReference; lastKnownFileType = sourcecode.swift; path = CustomView.swift; sourceTree = "<group>"; };
		EA1FDF512B849E7600A1F8FC /* CustomView.xib */ = {isa = PBXFileReference; lastKnownFileType = file.xib; path = CustomView.xib; sourceTree = "<group>"; };
/* End PBXFileReference section */

/* Begin PBXFrameworksBuildPhase section */
		EA1FDF182B84978100A1F8FC /* Frameworks */ = {
			isa = PBXFrameworksBuildPhase;
			buildActionMask = 2147483647;
			files = (
			);
			runOnlyForDeploymentPostprocessing = 0;
		};
		EA1FDF2E2B84978200A1F8FC /* Frameworks */ = {
			isa = PBXFrameworksBuildPhase;
			buildActionMask = 2147483647;
			files = (
			);
			runOnlyForDeploymentPostprocessing = 0;
		};
		EA1FDF382B84978200A1F8FC /* Frameworks */ = {
			isa = PBXFrameworksBuildPhase;
			buildActionMask = 2147483647;
			files = (
			);
			runOnlyForDeploymentPostprocessing = 0;
		};
/* End PBXFrameworksBuildPhase section */

/* Begin PBXGroup section */
		EA1FDF122B84978100A1F8FC = {
			isa = PBXGroup;
			children = (
				EA1FDF1D2B84978100A1F8FC /* PruebaXIB */,
				EA1FDF342B84978200A1F8FC /* PruebaXIBTests */,
				EA1FDF3E2B84978200A1F8FC /* PruebaXIBUITests */,
				EA1FDF1C2B84978100A1F8FC /* Products */,
			);
			sourceTree = "<group>";
		};
		EA1FDF1C2B84978100A1F8FC /* Products */ = {
			isa = PBXGroup;
			children = (
				EA1FDF1B2B84978100A1F8FC /* PruebaXIB.app */,
				EA1FDF312B84978200A1F8FC /* PruebaXIBTests.xctest */,
				EA1FDF3B2B84978200A1F8FC /* PruebaXIBUITests.xctest */,
			);
			name = Products;
			sourceTree = "<group>";
		};
		EA1FDF1D2B84978100A1F8FC /* PruebaXIB */ = {
			isa = PBXGroup;
			children = (
				EA1FDF1E2B84978100A1F8FC /* AppDelegate.swift */,
				EA1FDF202B84978100A1F8FC /* SceneDelegate.swift */,
				EA1FDF222B84978100A1F8FC /* ViewController.swift */,
				EA1FDF242B84978100A1F8FC /* Main.storyboard */,
				EA1FDF4E2B849E2D00A1F8FC /* XIBs */,
				EA1FDF272B84978200A1F8FC /* Assets.xcassets */,
				EA1FDF292B84978200A1F8FC /* LaunchScreen.storyboard */,
				EA1FDF2C2B84978200A1F8FC /* Info.plist */,
				C346771A2B84F169000C6557 /* ViewControllerVista2.swift */,
			);
			path = PruebaXIB;
			sourceTree = "<group>";
		};
		EA1FDF342B84978200A1F8FC /* PruebaXIBTests */ = {
			isa = PBXGroup;
			children = (
				EA1FDF352B84978200A1F8FC /* PruebaXIBTests.swift */,
			);
			path = PruebaXIBTests;
			sourceTree = "<group>";
		};
		EA1FDF3E2B84978200A1F8FC /* PruebaXIBUITests */ = {
			isa = PBXGroup;
			children = (
				EA1FDF3F2B84978200A1F8FC /* PruebaXIBUITests.swift */,
				EA1FDF412B84978200A1F8FC /* PruebaXIBUITestsLaunchTests.swift */,
			);
			path = PruebaXIBUITests;
			sourceTree = "<group>";
		};
		EA1FDF4E2B849E2D00A1F8FC /* XIBs */ = {
			isa = PBXGroup;
			children = (
				EA1FDF4F2B849E5900A1F8FC /* CustomView.swift */,
				EA1FDF512B849E7600A1F8FC /* CustomView.xib */,
			);
			path = XIBs;
			sourceTree = "<group>";
		};
/* End PBXGroup section */

/* Begin PBXNativeTarget section */
		EA1FDF1A2B84978100A1F8FC /* PruebaXIB */ = {
			isa = PBXNativeTarget;
			buildConfigurationList = EA1FDF452B84978200A1F8FC /* Build configuration list for PBXNativeTarget "PruebaXIB" */;
			buildPhases = (
				EA1FDF172B84978100A1F8FC /* Sources */,
				EA1FDF182B84978100A1F8FC /* Frameworks */,
				EA1FDF192B84978100A1F8FC /* Resources */,
			);
			buildRules = (
			);
			dependencies = (
			);
			name = PruebaXIB;
			productName = PruebaXIB;
			productReference = EA1FDF1B2B84978100A1F8FC /* PruebaXIB.app */;
			productType = "com.apple.product-type.application";
		};
		EA1FDF302B84978200A1F8FC /* PruebaXIBTests */ = {
			isa = PBXNativeTarget;
			buildConfigurationList = EA1FDF482B84978200A1F8FC /* Build configuration list for PBXNativeTarget "PruebaXIBTests" */;
			buildPhases = (
				EA1FDF2D2B84978200A1F8FC /* Sources */,
				EA1FDF2E2B84978200A1F8FC /* Frameworks */,
				EA1FDF2F2B84978200A1F8FC /* Resources */,
			);
			buildRules = (
			);
			dependencies = (
				EA1FDF332B84978200A1F8FC /* PBXTargetDependency */,
			);
			name = PruebaXIBTests;
			productName = PruebaXIBTests;
			productReference = EA1FDF312B84978200A1F8FC /* PruebaXIBTests.xctest */;
			productType = "com.apple.product-type.bundle.unit-test";
		};
		EA1FDF3A2B84978200A1F8FC /* PruebaXIBUITests */ = {
			isa = PBXNativeTarget;
			buildConfigurationList = EA1FDF4B2B84978200A1F8FC /* Build configuration list for PBXNativeTarget "PruebaXIBUITests" */;
			buildPhases = (
				EA1FDF372B84978200A1F8FC /* Sources */,
				EA1FDF382B84978200A1F8FC /* Frameworks */,
				EA1FDF392B84978200A1F8FC /* Resources */,
			);
			buildRules = (
			);
			dependencies = (
				EA1FDF3D2B84978200A1F8FC /* PBXTargetDependency */,
			);
			name = PruebaXIBUITests;
			productName = PruebaXIBUITests;
			productReference = EA1FDF3B2B84978200A1F8FC /* PruebaXIBUITests.xctest */;
			productType = "com.apple.product-type.bundle.ui-testing";
		};
/* End PBXNativeTarget section */

/* Begin PBXProject section */
		EA1FDF132B84978100A1F8FC /* Project object */ = {
			isa = PBXProject;
			attributes = {
				BuildIndependentTargetsInParallel = 1;
				LastSwiftUpdateCheck = 1520;
				LastUpgradeCheck = 1520;
				TargetAttributes = {
					EA1FDF1A2B84978100A1F8FC = {
						CreatedOnToolsVersion = 15.2;
					};
					EA1FDF302B84978200A1F8FC = {
						CreatedOnToolsVersion = 15.2;
						TestTargetID = EA1FDF1A2B84978100A1F8FC;
					};
					EA1FDF3A2B84978200A1F8FC = {
						CreatedOnToolsVersion = 15.2;
						TestTargetID = EA1FDF1A2B84978100A1F8FC;
					};
				};
			};
			buildConfigurationList = EA1FDF162B84978100A1F8FC /* Build configuration list for PBXProject "PruebaXIB" */;
			compatibilityVersion = "Xcode 14.0";
			developmentRegion = en;
			hasScannedForEncodings = 0;
			knownRegions = (
				en,
				Base,
			);
			mainGroup = EA1FDF122B84978100A1F8FC;
			productRefGroup = EA1FDF1C2B84978100A1F8FC /* Products */;
			projectDirPath = "";
			projectRoot = "";
			targets = (
				EA1FDF1A2B84978100A1F8FC /* PruebaXIB */,
				EA1FDF302B84978200A1F8FC /* PruebaXIBTests */,
				EA1FDF3A2B84978200A1F8FC /* PruebaXIBUITests */,
			);
		};
/* End PBXProject section */

/* Begin PBXResourcesBuildPhase section */
		EA1FDF192B84978100A1F8FC /* Resources */ = {
			isa = PBXResourcesBuildPhase;
			buildActionMask = 2147483647;
			files = (
				EA1FDF2B2B84978200A1F8FC /* LaunchScreen.storyboard in Resources */,
				EA1FDF522B849E7600A1F8FC /* CustomView.xib in Resources */,
				EA1FDF282B84978200A1F8FC /* Assets.xcassets in Resources */,
				EA1FDF262B84978100A1F8FC /* Main.storyboard in Resources */,
			);
			runOnlyForDeploymentPostprocessing = 0;
		};
		EA1FDF2F2B84978200A1F8FC /* Resources */ = {
			isa = PBXResourcesBuildPhase;
			buildActionMask = 2147483647;
			files = (
			);
			runOnlyForDeploymentPostprocessing = 0;
		};
		EA1FDF392B84978200A1F8FC /* Resources */ = {
			isa = PBXResourcesBuildPhase;
			buildActionMask = 2147483647;
			files = (
			);
			runOnlyForDeploymentPostprocessing = 0;
		};
/* End PBXResourcesBuildPhase section */

/* Begin PBXSourcesBuildPhase section */
		EA1FDF172B84978100A1F8FC /* Sources */ = {
			isa = PBXSourcesBuildPhase;
			buildActionMask = 2147483647;
			files = (
				EA1FDF232B84978100A1F8FC /* ViewController.swift in Sources */,
				EA1FDF502B849E5900A1F8FC /* CustomView.swift in Sources */,
				EA1FDF1F2B84978100A1F8FC /* AppDelegate.swift in Sources */,
				EA1FDF212B84978100A1F8FC /* SceneDelegate.swift in Sources */,
				C346771B2B84F169000C6557 /* ViewControllerVista2.swift in Sources */,
			);
			runOnlyForDeploymentPostprocessing = 0;
		};
		EA1FDF2D2B84978200A1F8FC /* Sources */ = {
			isa = PBXSourcesBuildPhase;
			buildActionMask = 2147483647;
			files = (
				EA1FDF362B84978200A1F8FC /* PruebaXIBTests.swift in Sources */,
			);
			runOnlyForDeploymentPostprocessing = 0;
		};
		EA1FDF372B84978200A1F8FC /* Sources */ = {
			isa = PBXSourcesBuildPhase;
			buildActionMask = 2147483647;
			files = (
				EA1FDF402B84978200A1F8FC /* PruebaXIBUITests.swift in Sources */,
				EA1FDF422B84978200A1F8FC /* PruebaXIBUITestsLaunchTests.swift in Sources */,
			);
			runOnlyForDeploymentPostprocessing = 0;
		};
/* End PBXSourcesBuildPhase section */

/* Begin PBXTargetDependency section */
		EA1FDF332B84978200A1F8FC /* PBXTargetDependency */ = {
			isa = PBXTargetDependency;
			target = EA1FDF1A2B84978100A1F8FC /* PruebaXIB */;
			targetProxy = EA1FDF322B84978200A1F8FC /* PBXContainerItemProxy */;
		};
		EA1FDF3D2B84978200A1F8FC /* PBXTargetDependency */ = {
			isa = PBXTargetDependency;
			target = EA1FDF1A2B84978100A1F8FC /* PruebaXIB */;
			targetProxy = EA1FDF3C2B84978200A1F8FC /* PBXContainerItemProxy */;
		};
/* End PBXTargetDependency section */

/* Begin PBXVariantGroup section */
		EA1FDF242B84978100A1F8FC /* Main.storyboard */ = {
			isa = PBXVariantGroup;
			children = (
				EA1FDF252B84978100A1F8FC /* Base */,
			);
			name = Main.storyboard;
			sourceTree = "<group>";
		};
		EA1FDF292B84978200A1F8FC /* LaunchScreen.storyboard */ = {
			isa = PBXVariantGroup;
			children = (
				EA1FDF2A2B84978200A1F8FC /* Base */,
			);
			name = LaunchScreen.storyboard;
			sourceTree = "<group>";
		};
/* End PBXVariantGroup section */

/* Begin XCBuildConfiguration section */
		EA1FDF432B84978200A1F8FC /* Debug */ = {
			isa = XCBuildConfiguration;
			buildSettings = {
				ALWAYS_SEARCH_USER_PATHS = NO;
				ASSETCATALOG_COMPILER_GENERATE_SWIFT_ASSET_SYMBOL_EXTENSIONS = YES;
				CLANG_ANALYZER_NONNULL = YES;
				CLANG_ANALYZER_NUMBER_OBJECT_CONVERSION = YES_AGGRESSIVE;
				CLANG_CXX_LANGUAGE_STANDARD = "gnu++20";
				CLANG_ENABLE_MODULES = YES;
				CLANG_ENABLE_OBJC_ARC = YES;
				CLANG_ENABLE_OBJC_WEAK = YES;
				CLANG_WARN_BLOCK_CAPTURE_AUTORELEASING = YES;
				CLANG_WARN_BOOL_CONVERSION = YES;
				CLANG_WARN_COMMA = YES;
				CLANG_WARN_CONSTANT_CONVERSION = YES;
				CLANG_WARN_DEPRECATED_OBJC_IMPLEMENTATIONS = YES;
				CLANG_WARN_DIRECT_OBJC_ISA_USAGE = YES_ERROR;
				CLANG_WARN_DOCUMENTATION_COMMENTS = YES;
				CLANG_WARN_EMPTY_BODY = YES;
				CLANG_WARN_ENUM_CONVERSION = YES;
				CLANG_WARN_INFINITE_RECURSION = YES;
				CLANG_WARN_INT_CONVERSION = YES;
				CLANG_WARN_NON_LITERAL_NULL_CONVERSION = YES;
				CLANG_WARN_OBJC_IMPLICIT_RETAIN_SELF = YES;
				CLANG_WARN_OBJC_LITERAL_CONVERSION = YES;
				CLANG_WARN_OBJC_ROOT_CLASS = YES_ERROR;
				CLANG_WARN_QUOTED_INCLUDE_IN_FRAMEWORK_HEADER = YES;
				CLANG_WARN_RANGE_LOOP_ANALYSIS = YES;
				CLANG_WARN_STRICT_PROTOTYPES = YES;
				CLANG_WARN_SUSPICIOUS_MOVE = YES;
				CLANG_WARN_UNGUARDED_AVAILABILITY = YES_AGGRESSIVE;
				CLANG_WARN_UNREACHABLE_CODE = YES;
				CLANG_WARN__DUPLICATE_METHOD_MATCH = YES;
				COPY_PHASE_STRIP = NO;
				DEBUG_INFORMATION_FORMAT = dwarf;
				ENABLE_STRICT_OBJC_MSGSEND = YES;
				ENABLE_TESTABILITY = YES;
				ENABLE_USER_SCRIPT_SANDBOXING = YES;
				GCC_C_LANGUAGE_STANDARD = gnu17;
				GCC_DYNAMIC_NO_PIC = NO;
				GCC_NO_COMMON_BLOCKS = YES;
				GCC_OPTIMIZATION_LEVEL = 0;
				GCC_PREPROCESSOR_DEFINITIONS = (
					"DEBUG=1",
					"$(inherited)",
				);
				GCC_WARN_64_TO_32_BIT_CONVERSION = YES;
				GCC_WARN_ABOUT_RETURN_TYPE = YES_ERROR;
				GCC_WARN_UNDECLARED_SELECTOR = YES;
				GCC_WARN_UNINITIALIZED_AUTOS = YES_AGGRESSIVE;
				GCC_WARN_UNUSED_FUNCTION = YES;
				GCC_WARN_UNUSED_VARIABLE = YES;
				IPHONEOS_DEPLOYMENT_TARGET = 17.2;
				LOCALIZATION_PREFERS_STRING_CATALOGS = YES;
				MTL_ENABLE_DEBUG_INFO = INCLUDE_SOURCE;
				MTL_FAST_MATH = YES;
				ONLY_ACTIVE_ARCH = YES;
				SDKROOT = iphoneos;
				SWIFT_ACTIVE_COMPILATION_CONDITIONS = "DEBUG $(inherited)";
				SWIFT_OPTIMIZATION_LEVEL = "-Onone";
			};
			name = Debug;
		};
		EA1FDF442B84978200A1F8FC /* Release */ = {
			isa = XCBuildConfiguration;
			buildSettings = {
				ALWAYS_SEARCH_USER_PATHS = NO;
				ASSETCATALOG_COMPILER_GENERATE_SWIFT_ASSET_SYMBOL_EXTENSIONS = YES;
				CLANG_ANALYZER_NONNULL = YES;
				CLANG_ANALYZER_NUMBER_OBJECT_CONVERSION = YES_AGGRESSIVE;
				CLANG_CXX_LANGUAGE_STANDARD = "gnu++20";
				CLANG_ENABLE_MODULES = YES;
				CLANG_ENABLE_OBJC_ARC = YES;
				CLANG_ENABLE_OBJC_WEAK = YES;
				CLANG_WARN_BLOCK_CAPTURE_AUTORELEASING = YES;
				CLANG_WARN_BOOL_CONVERSION = YES;
				CLANG_WARN_COMMA = YES;
				CLANG_WARN_CONSTANT_CONVERSION = YES;
				CLANG_WARN_DEPRECATED_OBJC_IMPLEMENTATIONS = YES;
				CLANG_WARN_DIRECT_OBJC_ISA_USAGE = YES_ERROR;
				CLANG_WARN_DOCUMENTATION_COMMENTS = YES;
				CLANG_WARN_EMPTY_BODY = YES;
				CLANG_WARN_ENUM_CONVERSION = YES;
				CLANG_WARN_INFINITE_RECURSION = YES;
				CLANG_WARN_INT_CONVERSION = YES;
				CLANG_WARN_NON_LITERAL_NULL_CONVERSION = YES;
				CLANG_WARN_OBJC_IMPLICIT_RETAIN_SELF = YES;
				CLANG_WARN_OBJC_LITERAL_CONVERSION = YES;
				CLANG_WARN_OBJC_ROOT_CLASS = YES_ERROR;
				CLANG_WARN_QUOTED_INCLUDE_IN_FRAMEWORK_HEADER = YES;
				CLANG_WARN_RANGE_LOOP_ANALYSIS = YES;
				CLANG_WARN_STRICT_PROTOTYPES = YES;
				CLANG_WARN_SUSPICIOUS_MOVE = YES;
				CLANG_WARN_UNGUARDED_AVAILABILITY = YES_AGGRESSIVE;
				CLANG_WARN_UNREACHABLE_CODE = YES;
				CLANG_WARN__DUPLICATE_METHOD_MATCH = YES;
				COPY_PHASE_STRIP = NO;
				DEBUG_INFORMATION_FORMAT = "dwarf-with-dsym";
				ENABLE_NS_ASSERTIONS = NO;
				ENABLE_STRICT_OBJC_MSGSEND = YES;
				ENABLE_USER_SCRIPT_SANDBOXING = YES;
				GCC_C_LANGUAGE_STANDARD = gnu17;
				GCC_NO_COMMON_BLOCKS = YES;
				GCC_WARN_64_TO_32_BIT_CONVERSION = YES;
				GCC_WARN_ABOUT_RETURN_TYPE = YES_ERROR;
				GCC_WARN_UNDECLARED_SELECTOR = YES;
				GCC_WARN_UNINITIALIZED_AUTOS = YES_AGGRESSIVE;
				GCC_WARN_UNUSED_FUNCTION = YES;
				GCC_WARN_UNUSED_VARIABLE = YES;
				IPHONEOS_DEPLOYMENT_TARGET = 17.2;
				LOCALIZATION_PREFERS_STRING_CATALOGS = YES;
				MTL_ENABLE_DEBUG_INFO = NO;
				MTL_FAST_MATH = YES;
				SDKROOT = iphoneos;
				SWIFT_COMPILATION_MODE = wholemodule;
				VALIDATE_PRODUCT = YES;
			};
			name = Release;
		};
		EA1FDF462B84978200A1F8FC /* Debug */ = {
			isa = XCBuildConfiguration;
			buildSettings = {
				ASSETCATALOG_COMPILER_APPICON_NAME = AppIcon;
				ASSETCATALOG_COMPILER_GLOBAL_ACCENT_COLOR_NAME = AccentColor;
				CODE_SIGN_STYLE = Automatic;
				CURRENT_PROJECT_VERSION = 1;
				DEVELOPMENT_TEAM = 43LWQ6KRDR;
				GENERATE_INFOPLIST_FILE = YES;
				INFOPLIST_FILE = PruebaXIB/Info.plist;
				INFOPLIST_KEY_UIApplicationSupportsIndirectInputEvents = YES;
				INFOPLIST_KEY_UILaunchStoryboardName = LaunchScreen;
				INFOPLIST_KEY_UIMainStoryboardFile = Main;
				INFOPLIST_KEY_UISupportedInterfaceOrientations_iPad = "UIInterfaceOrientationPortrait UIInterfaceOrientationPortraitUpsideDown UIInterfaceOrientationLandscapeLeft UIInterfaceOrientationLandscapeRight";
				INFOPLIST_KEY_UISupportedInterfaceOrientations_iPhone = "UIInterfaceOrientationPortrait UIInterfaceOrientationLandscapeLeft UIInterfaceOrientationLandscapeRight";
				LD_RUNPATH_SEARCH_PATHS = (
					"$(inherited)",
					"@executable_path/Frameworks",
				);
				MARKETING_VERSION = 1.0;
				PRODUCT_BUNDLE_IDENTIFIER = com.jesusguerrero.PruebaXIB;
				PRODUCT_NAME = "$(TARGET_NAME)";
				SWIFT_EMIT_LOC_STRINGS = YES;
				SWIFT_VERSION = 5.0;
				TARGETED_DEVICE_FAMILY = "1,2";
			};
			name = Debug;
		};
		EA1FDF472B84978200A1F8FC /* Release */ = {
			isa = XCBuildConfiguration;
			buildSettings = {
				ASSETCATALOG_COMPILER_APPICON_NAME = AppIcon;
				ASSETCATALOG_COMPILER_GLOBAL_ACCENT_COLOR_NAME = AccentColor;
				CODE_SIGN_STYLE = Automatic;
				CURRENT_PROJECT_VERSION = 1;
				DEVELOPMENT_TEAM = 43LWQ6KRDR;
				GENERATE_INFOPLIST_FILE = YES;
				INFOPLIST_FILE = PruebaXIB/Info.plist;
				INFOPLIST_KEY_UIApplicationSupportsIndirectInputEvents = YES;
				INFOPLIST_KEY_UILaunchStoryboardName = LaunchScreen;
				INFOPLIST_KEY_UIMainStoryboardFile = Main;
				INFOPLIST_KEY_UISupportedInterfaceOrientations_iPad = "UIInterfaceOrientationPortrait UIInterfaceOrientationPortraitUpsideDown UIInterfaceOrientationLandscapeLeft UIInterfaceOrientationLandscapeRight";
				INFOPLIST_KEY_UISupportedInterfaceOrientations_iPhone = "UIInterfaceOrientationPortrait UIInterfaceOrientationLandscapeLeft UIInterfaceOrientationLandscapeRight";
				LD_RUNPATH_SEARCH_PATHS = (
					"$(inherited)",
					"@executable_path/Frameworks",
				);
				MARKETING_VERSION = 1.0;
				PRODUCT_BUNDLE_IDENTIFIER = com.jesusguerrero.PruebaXIB;
				PRODUCT_NAME = "$(TARGET_NAME)";
				SWIFT_EMIT_LOC_STRINGS = YES;
				SWIFT_VERSION = 5.0;
				TARGETED_DEVICE_FAMILY = "1,2";
			};
			name = Release;
		};
		EA1FDF492B84978200A1F8FC /* Debug */ = {
			isa = XCBuildConfiguration;
			buildSettings = {
				ALWAYS_EMBED_SWIFT_STANDARD_LIBRARIES = YES;
				BUNDLE_LOADER = "$(TEST_HOST)";
				CODE_SIGN_STYLE = Automatic;
				CURRENT_PROJECT_VERSION = 1;
				DEVELOPMENT_TEAM = 43LWQ6KRDR;
				GENERATE_INFOPLIST_FILE = YES;
				IPHONEOS_DEPLOYMENT_TARGET = 17.2;
				MARKETING_VERSION = 1.0;
				PRODUCT_BUNDLE_IDENTIFIER = com.jesusguerrero.PruebaXIBTests;
				PRODUCT_NAME = "$(TARGET_NAME)";
				SWIFT_EMIT_LOC_STRINGS = NO;
				SWIFT_VERSION = 5.0;
				TARGETED_DEVICE_FAMILY = "1,2";
				TEST_HOST = "$(BUILT_PRODUCTS_DIR)/PruebaXIB.app/$(BUNDLE_EXECUTABLE_FOLDER_PATH)/PruebaXIB";
			};
			name = Debug;
		};
		EA1FDF4A2B84978200A1F8FC /* Release */ = {
			isa = XCBuildConfiguration;
			buildSettings = {
				ALWAYS_EMBED_SWIFT_STANDARD_LIBRARIES = YES;
				BUNDLE_LOADER = "$(TEST_HOST)";
				CODE_SIGN_STYLE = Automatic;
				CURRENT_PROJECT_VERSION = 1;
				DEVELOPMENT_TEAM = 43LWQ6KRDR;
				GENERATE_INFOPLIST_FILE = YES;
				IPHONEOS_DEPLOYMENT_TARGET = 17.2;
				MARKETING_VERSION = 1.0;
				PRODUCT_BUNDLE_IDENTIFIER = com.jesusguerrero.PruebaXIBTests;
				PRODUCT_NAME = "$(TARGET_NAME)";
				SWIFT_EMIT_LOC_STRINGS = NO;
				SWIFT_VERSION = 5.0;
				TARGETED_DEVICE_FAMILY = "1,2";
				TEST_HOST = "$(BUILT_PRODUCTS_DIR)/PruebaXIB.app/$(BUNDLE_EXECUTABLE_FOLDER_PATH)/PruebaXIB";
			};
			name = Release;
		};
		EA1FDF4C2B84978200A1F8FC /* Debug */ = {
			isa = XCBuildConfiguration;
			buildSettings = {
				ALWAYS_EMBED_SWIFT_STANDARD_LIBRARIES = YES;
				CODE_SIGN_STYLE = Automatic;
				CURRENT_PROJECT_VERSION = 1;
				DEVELOPMENT_TEAM = 43LWQ6KRDR;
				GENERATE_INFOPLIST_FILE = YES;
				MARKETING_VERSION = 1.0;
				PRODUCT_BUNDLE_IDENTIFIER = com.jesusguerrero.PruebaXIBUITests;
				PRODUCT_NAME = "$(TARGET_NAME)";
				SWIFT_EMIT_LOC_STRINGS = NO;
				SWIFT_VERSION = 5.0;
				TARGETED_DEVICE_FAMILY = "1,2";
				TEST_TARGET_NAME = PruebaXIB;
			};
			name = Debug;
		};
		EA1FDF4D2B84978200A1F8FC /* Release */ = {
			isa = XCBuildConfiguration;
			buildSettings = {
				ALWAYS_EMBED_SWIFT_STANDARD_LIBRARIES = YES;
				CODE_SIGN_STYLE = Automatic;
				CURRENT_PROJECT_VERSION = 1;
				DEVELOPMENT_TEAM = 43LWQ6KRDR;
				GENERATE_INFOPLIST_FILE = YES;
				MARKETING_VERSION = 1.0;
				PRODUCT_BUNDLE_IDENTIFIER = com.jesusguerrero.PruebaXIBUITests;
				PRODUCT_NAME = "$(TARGET_NAME)";
				SWIFT_EMIT_LOC_STRINGS = NO;
				SWIFT_VERSION = 5.0;
				TARGETED_DEVICE_FAMILY = "1,2";
				TEST_TARGET_NAME = PruebaXIB;
			};
			name = Release;
		};
/* End XCBuildConfiguration section */

/* Begin XCConfigurationList section */
		EA1FDF162B84978100A1F8FC /* Build configuration list for PBXProject "PruebaXIB" */ = {
			isa = XCConfigurationList;
			buildConfigurations = (
				EA1FDF432B84978200A1F8FC /* Debug */,
				EA1FDF442B84978200A1F8FC /* Release */,
			);
			defaultConfigurationIsVisible = 0;
			defaultConfigurationName = Release;
		};
		EA1FDF452B84978200A1F8FC /* Build configuration list for PBXNativeTarget "PruebaXIB" */ = {
			isa = XCConfigurationList;
			buildConfigurations = (
				EA1FDF462B84978200A1F8FC /* Debug */,
				EA1FDF472B84978200A1F8FC /* Release */,
			);
			defaultConfigurationIsVisible = 0;
			defaultConfigurationName = Release;
		};
		EA1FDF482B84978200A1F8FC /* Build configuration list for PBXNativeTarget "PruebaXIBTests" */ = {
			isa = XCConfigurationList;
			buildConfigurations = (
				EA1FDF492B84978200A1F8FC /* Debug */,
				EA1FDF4A2B84978200A1F8FC /* Release */,
			);
			defaultConfigurationIsVisible = 0;
			defaultConfigurationName = Release;
		};
		EA1FDF4B2B84978200A1F8FC /* Build configuration list for PBXNativeTarget "PruebaXIBUITests" */ = {
			isa = XCConfigurationList;
			buildConfigurations = (
				EA1FDF4C2B84978200A1F8FC /* Debug */,
				EA1FDF4D2B84978200A1F8FC /* Release */,
			);
			defaultConfigurationIsVisible = 0;
			defaultConfigurationName = Release;
		};
/* End XCConfigurationList section */
	};
	rootObject = EA1FDF132B84978100A1F8FC /* Project object */;
}
